
Microsoft Visual Studio Solution File, Format Version 12.00
# Visual Studio Version 16
VisualStudioVersion = 16.0.31321.278
MinimumVisualStudioVersion = 10.0.40219.1
Project("{9A19103F-16F7-4668-BE54-9A1E7A4F7556}") = "AuthorizationService", "AuthorizationService.csproj", "{045B8544-7169-4260-B15F-267A72E99DBE}"
EndProject
Project("{9A19103F-16F7-4668-BE54-9A1E7A4F7556}") = "AuthTest", "..\AuthTest\AuthTest.csproj", "{BF5DCCFF-96E2-44F8-A80D-DFD203CC7856}"
EndProject
Global
	GlobalSection(SolutionConfigurationPlatforms) = preSolution
		Debug|Any CPU = Debug|Any CPU
		Release|Any CPU = Release|Any CPU
	EndGlobalSection
	GlobalSection(ProjectConfigurationPlatforms) = postSolution
		{045B8544-7169-4260-B15F-267A72E99DBE}.Debug|Any CPU.ActiveCfg = Debug|Any CPU
		{045B8544-7169-4260-B15F-267A72E99DBE}.Debug|Any CPU.Build.0 = Debug|Any CPU
		{045B8544-7169-4260-B15F-267A72E99DBE}.Release|Any CPU.ActiveCfg = Release|Any CPU
		{045B8544-7169-4260-B15F-267A72E99DBE}.Release|Any CPU.Build.0 = Release|Any CPU
		{BF5DCCFF-96E2-44F8-A80D-DFD203CC7856}.Debug|Any CPU.ActiveCfg = Debug|Any CPU
		{BF5DCCFF-96E2-44F8-A80D-DFD203CC7856}.Debug|Any CPU.Build.0 = Debug|Any CPU
		{BF5DCCFF-96E2-44F8-A80D-DFD203CC7856}.Release|Any CPU.ActiveCfg = Release|Any CPU
		{BF5DCCFF-96E2-44F8-A80D-DFD203CC7856}.Release|Any CPU.Build.0 = Release|Any CPU
	EndGlobalSection
	GlobalSection(SolutionProperties) = preSolution
		HideSolutionNode = FALSE
	EndGlobalSection
	GlobalSection(ExtensibilityGlobals) = postSolution
		SolutionGuid = {FD4970BD-DEB6-4BEB-84AA-F42763E5B82B}
	EndGlobalSection
EndGlobal
